
Microsoft Visual Studio Solution File, Format Version 12.00
# Visual Studio Version 17
VisualStudioVersion = 17.5.33424.131
MinimumVisualStudioVersion = 10.0.40219.1
Project("{9A19103F-16F7-4668-BE54-9A1E7A4F7556}") = "IT_HELPDESKTICKET", "IT_HELPDESKTICKET.csproj", "{45A5E21E-450D-4301-A9D0-447EE163A93D}"
EndProject
Project("{FAE04EC0-301F-11D3-BF4B-00C04F79EFBC}") = "EntityLayers", "..\EntityLayers\EntityLayers.csproj", "{96E15606-C4E3-4054-A51B-B1CAD829F4CC}"
EndProject
Global
	GlobalSection(SolutionConfigurationPlatforms) = preSolution
		Debug|Any CPU = Debug|Any CPU
		Release|Any CPU = Release|Any CPU
	EndGlobalSection
	GlobalSection(ProjectConfigurationPlatforms) = postSolution
		{45A5E21E-450D-4301-A9D0-447EE163A93D}.Debug|Any CPU.ActiveCfg = Debug|Any CPU
		{45A5E21E-450D-4301-A9D0-447EE163A93D}.Debug|Any CPU.Build.0 = Debug|Any CPU
		{45A5E21E-450D-4301-A9D0-447EE163A93D}.Release|Any CPU.ActiveCfg = Release|Any CPU
		{45A5E21E-450D-4301-A9D0-447EE163A93D}.Release|Any CPU.Build.0 = Release|Any CPU
		{96E15606-C4E3-4054-A51B-B1CAD829F4CC}.Debug|Any CPU.ActiveCfg = Debug|Any CPU
		{96E15606-C4E3-4054-A51B-B1CAD829F4CC}.Debug|Any CPU.Build.0 = Debug|Any CPU
		{96E15606-C4E3-4054-A51B-B1CAD829F4CC}.Release|Any CPU.ActiveCfg = Release|Any CPU
		{96E15606-C4E3-4054-A51B-B1CAD829F4CC}.Release|Any CPU.Build.0 = Release|Any CPU
	EndGlobalSection
	GlobalSection(SolutionProperties) = preSolution
		HideSolutionNode = FALSE
	EndGlobalSection
	GlobalSection(ExtensibilityGlobals) = postSolution
		SolutionGuid = {B0A4639B-A2FD-48BB-A3CD-BCF1B83A2423}
	EndGlobalSection
EndGlobal
